
Microsoft Visual Studio Solution File, Format Version 12.00
# Visual Studio Version 17
VisualStudioVersion = 17.8.34330.188
MinimumVisualStudioVersion = 10.0.40219.1
Project("{FAE04EC0-301F-11D3-BF4B-00C04F79EFBC}") = "AppInitDemo", "AppInitDemo\AppInitDemo.csproj", "{B4DBF5D2-F5EB-4CFB-A749-536DE674CF6D}"
EndProject
Global
	GlobalSection(SolutionConfigurationPlatforms) = preSolution
		Debug|Any CPU = Debug|Any CPU
		Release|Any CPU = Release|Any CPU
	EndGlobalSection
	GlobalSection(ProjectConfigurationPlatforms) = postSolution
		{B4DBF5D2-F5EB-4CFB-A749-536DE674CF6D}.Debug|Any CPU.ActiveCfg = Debug|Any CPU
		{B4DBF5D2-F5EB-4CFB-A749-536DE674CF6D}.Debug|Any CPU.Build.0 = Debug|Any CPU
		{B4DBF5D2-F5EB-4CFB-A749-536DE674CF6D}.Release|Any CPU.ActiveCfg = Release|Any CPU
		{B4DBF5D2-F5EB-4CFB-A749-536DE674CF6D}.Release|Any CPU.Build.0 = Release|Any CPU
	EndGlobalSection
	GlobalSection(SolutionProperties) = preSolution
		HideSolutionNode = FALSE
	EndGlobalSection
	GlobalSection(ExtensibilityGlobals) = postSolution
		SolutionGuid = {39868F20-27DC-45EF-BEBE-0C765A1B6105}
	EndGlobalSection
EndGlobal
